
Microsoft Visual Studio Solution File, Format Version 12.00
# Visual Studio 15
VisualStudioVersion = 15.0.28307.168
MinimumVisualStudioVersion = 10.0.40219.1
Project("{FAE04EC0-301F-11D3-BF4B-00C04F79EFBC}") = "HTML-CSS-Exercice-7", "HTML-CSS-Exercice-7\HTML-CSS-Exercice-7.csproj", "{FDD3242A-F583-4979-8296-162F4BE8271C}"
EndProject
Global
	GlobalSection(SolutionConfigurationPlatforms) = preSolution
		Debug|Any CPU = Debug|Any CPU
		Release|Any CPU = Release|Any CPU
	EndGlobalSection
	GlobalSection(ProjectConfigurationPlatforms) = postSolution
		{FDD3242A-F583-4979-8296-162F4BE8271C}.Debug|Any CPU.ActiveCfg = Debug|Any CPU
		{FDD3242A-F583-4979-8296-162F4BE8271C}.Debug|Any CPU.Build.0 = Debug|Any CPU
		{FDD3242A-F583-4979-8296-162F4BE8271C}.Release|Any CPU.ActiveCfg = Release|Any CPU
		{FDD3242A-F583-4979-8296-162F4BE8271C}.Release|Any CPU.Build.0 = Release|Any CPU
	EndGlobalSection
	GlobalSection(SolutionProperties) = preSolution
		HideSolutionNode = FALSE
	EndGlobalSection
	GlobalSection(ExtensibilityGlobals) = postSolution
		SolutionGuid = {7639A0D6-70F2-4439-9073-70D2BBD6D186}
	EndGlobalSection
EndGlobal
